
Microsoft Visual Studio Solution File, Format Version 12.00
# Visual Studio 2013
VisualStudioVersion = 12.0.30723.0
MinimumVisualStudioVersion = 10.0.40219.1
Project("{FAE04EC0-301F-11D3-BF4B-00C04F79EFBC}") = "AppStoreCrawler", "AppStoreCrawler\AppStoreCrawler.csproj", "{0B6DFA98-8D8A-4F38-9893-CBE9A70C81D9}"
EndProject
Project("{FAE04EC0-301F-11D3-BF4B-00C04F79EFBC}") = "SharedLibrary", "SharedLibrary\SharedLibrary.csproj", "{A1D6D531-7EC7-4D0F-B0FD-42F34DE5951C}"
EndProject
Project("{FAE04EC0-301F-11D3-BF4B-00C04F79EFBC}") = "AppStoreCategoriesWorker", "AppStoreCategoriesWorker\AppStoreCategoriesWorker.csproj", "{AFED8722-DF52-4E00-82C6-1E7EFAAC7ECC}"
EndProject
Project("{FAE04EC0-301F-11D3-BF4B-00C04F79EFBC}") = "AppStoreCharactersWorker", "AppStoreCharactersWorker\AppStoreCharactersWorker.csproj", "{43AB06E0-EA6F-451B-8699-C2E038052E58}"
EndProject
Project("{FAE04EC0-301F-11D3-BF4B-00C04F79EFBC}") = "AppStoreNumericsWorker", "AppStoreNumericsWorker\AppStoreNumericsWorker.csproj", "{E96CCCF8-DB59-423D-9F28-75B75AE3CECA}"
EndProject
Project("{FAE04EC0-301F-11D3-BF4B-00C04F79EFBC}") = "AppStoreAppUrlsWorker", "AppStoreAppUrlsWorker\AppStoreAppUrlsWorker.csproj", "{437D03E7-A1A9-4039-AE0A-F6935326B2FD}"
EndProject
Project("{FAE04EC0-301F-11D3-BF4B-00C04F79EFBC}") = "AppStoreRecorder", "AppStoreRecorder\AppStoreRecorder.csproj", "{0524D420-B15C-4BB8-9C10-ED278BE85D6B}"
EndProject
Global
	GlobalSection(SolutionConfigurationPlatforms) = preSolution
		Debug|Any CPU = Debug|Any CPU
		Release|Any CPU = Release|Any CPU
	EndGlobalSection
	GlobalSection(ProjectConfigurationPlatforms) = postSolution
		{0B6DFA98-8D8A-4F38-9893-CBE9A70C81D9}.Debug|Any CPU.ActiveCfg = Debug|Any CPU
		{0B6DFA98-8D8A-4F38-9893-CBE9A70C81D9}.Debug|Any CPU.Build.0 = Debug|Any CPU
		{0B6DFA98-8D8A-4F38-9893-CBE9A70C81D9}.Release|Any CPU.ActiveCfg = Release|Any CPU
		{0B6DFA98-8D8A-4F38-9893-CBE9A70C81D9}.Release|Any CPU.Build.0 = Release|Any CPU
		{A1D6D531-7EC7-4D0F-B0FD-42F34DE5951C}.Debug|Any CPU.ActiveCfg = Debug|Any CPU
		{A1D6D531-7EC7-4D0F-B0FD-42F34DE5951C}.Debug|Any CPU.Build.0 = Debug|Any CPU
		{A1D6D531-7EC7-4D0F-B0FD-42F34DE5951C}.Release|Any CPU.ActiveCfg = Release|Any CPU
		{A1D6D531-7EC7-4D0F-B0FD-42F34DE5951C}.Release|Any CPU.Build.0 = Release|Any CPU
		{AFED8722-DF52-4E00-82C6-1E7EFAAC7ECC}.Debug|Any CPU.ActiveCfg = Debug|Any CPU
		{AFED8722-DF52-4E00-82C6-1E7EFAAC7ECC}.Debug|Any CPU.Build.0 = Debug|Any CPU
		{AFED8722-DF52-4E00-82C6-1E7EFAAC7ECC}.Release|Any CPU.ActiveCfg = Release|Any CPU
		{AFED8722-DF52-4E00-82C6-1E7EFAAC7ECC}.Release|Any CPU.Build.0 = Release|Any CPU
		{43AB06E0-EA6F-451B-8699-C2E038052E58}.Debug|Any CPU.ActiveCfg = Debug|Any CPU
		{43AB06E0-EA6F-451B-8699-C2E038052E58}.Debug|Any CPU.Build.0 = Debug|Any CPU
		{43AB06E0-EA6F-451B-8699-C2E038052E58}.Release|Any CPU.ActiveCfg = Release|Any CPU
		{43AB06E0-EA6F-451B-8699-C2E038052E58}.Release|Any CPU.Build.0 = Release|Any CPU
		{E96CCCF8-DB59-423D-9F28-75B75AE3CECA}.Debug|Any CPU.ActiveCfg = Debug|Any CPU
		{E96CCCF8-DB59-423D-9F28-75B75AE3CECA}.Debug|Any CPU.Build.0 = Debug|Any CPU
		{E96CCCF8-DB59-423D-9F28-75B75AE3CECA}.Release|Any CPU.ActiveCfg = Release|Any CPU
		{E96CCCF8-DB59-423D-9F28-75B75AE3CECA}.Release|Any CPU.Build.0 = Release|Any CPU
		{437D03E7-A1A9-4039-AE0A-F6935326B2FD}.Debug|Any CPU.ActiveCfg = Debug|Any CPU
		{437D03E7-A1A9-4039-AE0A-F6935326B2FD}.Debug|Any CPU.Build.0 = Debug|Any CPU
		{437D03E7-A1A9-4039-AE0A-F6935326B2FD}.Release|Any CPU.ActiveCfg = Release|Any CPU
		{437D03E7-A1A9-4039-AE0A-F6935326B2FD}.Release|Any CPU.Build.0 = Release|Any CPU
		{0524D420-B15C-4BB8-9C10-ED278BE85D6B}.Debug|Any CPU.ActiveCfg = Debug|Any CPU
		{0524D420-B15C-4BB8-9C10-ED278BE85D6B}.Debug|Any CPU.Build.0 = Debug|Any CPU
		{0524D420-B15C-4BB8-9C10-ED278BE85D6B}.Release|Any CPU.ActiveCfg = Release|Any CPU
		{0524D420-B15C-4BB8-9C10-ED278BE85D6B}.Release|Any CPU.Build.0 = Release|Any CPU
	EndGlobalSection
	GlobalSection(SolutionProperties) = preSolution
		HideSolutionNode = FALSE
	EndGlobalSection
EndGlobal
